
Microsoft Visual Studio Solution File, Format Version 12.00
# Visual Studio Version 17
VisualStudioVersion = 17.6.33829.357
MinimumVisualStudioVersion = 10.0.40219.1
Project("{FAE04EC0-301F-11D3-BF4B-00C04F79EFBC}") = "ToasterMapCLI", "ToasterMapCLI.csproj", "{F399DC97-75C5-4B1A-93E2-4AFB9C01979E}"
EndProject
Global
	GlobalSection(SolutionConfigurationPlatforms) = preSolution
		Debug|Any CPU = Debug|Any CPU
		Release|Any CPU = Release|Any CPU
	EndGlobalSection
	GlobalSection(ProjectConfigurationPlatforms) = postSolution
		{F399DC97-75C5-4B1A-93E2-4AFB9C01979E}.Debug|Any CPU.ActiveCfg = Debug|Any CPU
		{F399DC97-75C5-4B1A-93E2-4AFB9C01979E}.Debug|Any CPU.Build.0 = Debug|Any CPU
		{F399DC97-75C5-4B1A-93E2-4AFB9C01979E}.Release|Any CPU.ActiveCfg = Release|Any CPU
		{F399DC97-75C5-4B1A-93E2-4AFB9C01979E}.Release|Any CPU.Build.0 = Release|Any CPU
	EndGlobalSection
	GlobalSection(SolutionProperties) = preSolution
		HideSolutionNode = FALSE
	EndGlobalSection
	GlobalSection(ExtensibilityGlobals) = postSolution
		SolutionGuid = {1F9D3C03-6A53-45D6-9BBA-ECEE49379D40}
	EndGlobalSection
EndGlobal
